
Microsoft Visual Studio Solution File, Format Version 12.00
# Visual Studio Version 17
VisualStudioVersion = 17.8.34309.116
MinimumVisualStudioVersion = 10.0.40219.1
Project("{FAE04EC0-301F-11D3-BF4B-00C04F79EFBC}") = "IdentityRoles", "IdentityRoles.csproj", "{85B0BAB7-07F2-4B68-815D-B72033F1D59D}"
EndProject
Global
	GlobalSection(SolutionConfigurationPlatforms) = preSolution
		Debug|Any CPU = Debug|Any CPU
		Release|Any CPU = Release|Any CPU
	EndGlobalSection
	GlobalSection(ProjectConfigurationPlatforms) = postSolution
		{85B0BAB7-07F2-4B68-815D-B72033F1D59D}.Debug|Any CPU.ActiveCfg = Debug|Any CPU
		{85B0BAB7-07F2-4B68-815D-B72033F1D59D}.Debug|Any CPU.Build.0 = Debug|Any CPU
		{85B0BAB7-07F2-4B68-815D-B72033F1D59D}.Release|Any CPU.ActiveCfg = Release|Any CPU
		{85B0BAB7-07F2-4B68-815D-B72033F1D59D}.Release|Any CPU.Build.0 = Release|Any CPU
	EndGlobalSection
	GlobalSection(SolutionProperties) = preSolution
		HideSolutionNode = FALSE
	EndGlobalSection
	GlobalSection(ExtensibilityGlobals) = postSolution
		SolutionGuid = {C5E63FB8-9119-4CC3-BCFB-5E56E82CB0CE}
	EndGlobalSection
EndGlobal
